
Microsoft Visual Studio Solution File, Format Version 12.00
# Visual Studio Version 16
VisualStudioVersion = 16.0.29806.167
MinimumVisualStudioVersion = 10.0.40219.1
Project("{9A19103F-16F7-4668-BE54-9A1E7A4F7556}") = "CostAccounting.Web", "CostAccounting.Web\CostAccounting.Web.csproj", "{E1EA1BA6-8201-4F55-B68D-C3922EE8C68C}"
EndProject
Project("{00D1A9C2-B5F0-4AF3-8072-F6C62B433612}") = "CostAccounting.Database", "CostAccounting.Database\CostAccounting.Database.sqlproj", "{327F3EE2-1EAB-4636-B8EB-2EA28980862C}"
EndProject
Project("{9A19103F-16F7-4668-BE54-9A1E7A4F7556}") = "CostAccounting.Data.EntityFramework", "CostAccounting.Data\CostAccounting.Data.EntityFramework.csproj", "{7DE55EC5-73D8-469E-BA6F-33285C4E4FFF}"
EndProject
Project("{9A19103F-16F7-4668-BE54-9A1E7A4F7556}") = "CostAccounting.Services", "CostAccounting.Services\CostAccounting.Services.csproj", "{743575F6-04AA-4804-8423-616DE30D047A}"
EndProject
Project("{9A19103F-16F7-4668-BE54-9A1E7A4F7556}") = "CostAccounting.Core", "CostAccounting.Core\CostAccounting.Core.csproj", "{B5525B5A-A15C-46B9-8525-BF46EB3BE9CE}"
EndProject
Project("{9A19103F-16F7-4668-BE54-9A1E7A4F7556}") = "CostAccounting.Shared", "CostAccounting.Shared\CostAccounting.Shared.csproj", "{9AAFE4E9-60B6-4201-9379-87009580198E}"
EndProject
Project("{9A19103F-16F7-4668-BE54-9A1E7A4F7556}") = "CostAccounting.Tests", "CostAccounting.Tests\CostAccounting.Tests.csproj", "{C8E0C856-B190-4D5A-A3A3-6DDB6CF86BEB}"
EndProject
Global
	GlobalSection(SolutionConfigurationPlatforms) = preSolution
		Debug|Any CPU = Debug|Any CPU
		Release|Any CPU = Release|Any CPU
	EndGlobalSection
	GlobalSection(ProjectConfigurationPlatforms) = postSolution
		{E1EA1BA6-8201-4F55-B68D-C3922EE8C68C}.Debug|Any CPU.ActiveCfg = Debug|Any CPU
		{E1EA1BA6-8201-4F55-B68D-C3922EE8C68C}.Debug|Any CPU.Build.0 = Debug|Any CPU
		{E1EA1BA6-8201-4F55-B68D-C3922EE8C68C}.Release|Any CPU.ActiveCfg = Release|Any CPU
		{E1EA1BA6-8201-4F55-B68D-C3922EE8C68C}.Release|Any CPU.Build.0 = Release|Any CPU
		{327F3EE2-1EAB-4636-B8EB-2EA28980862C}.Debug|Any CPU.ActiveCfg = Debug|Any CPU
		{327F3EE2-1EAB-4636-B8EB-2EA28980862C}.Debug|Any CPU.Build.0 = Debug|Any CPU
		{327F3EE2-1EAB-4636-B8EB-2EA28980862C}.Debug|Any CPU.Deploy.0 = Debug|Any CPU
		{327F3EE2-1EAB-4636-B8EB-2EA28980862C}.Release|Any CPU.ActiveCfg = Release|Any CPU
		{327F3EE2-1EAB-4636-B8EB-2EA28980862C}.Release|Any CPU.Build.0 = Release|Any CPU
		{327F3EE2-1EAB-4636-B8EB-2EA28980862C}.Release|Any CPU.Deploy.0 = Release|Any CPU
		{7DE55EC5-73D8-469E-BA6F-33285C4E4FFF}.Debug|Any CPU.ActiveCfg = Debug|Any CPU
		{7DE55EC5-73D8-469E-BA6F-33285C4E4FFF}.Debug|Any CPU.Build.0 = Debug|Any CPU
		{7DE55EC5-73D8-469E-BA6F-33285C4E4FFF}.Release|Any CPU.ActiveCfg = Release|Any CPU
		{7DE55EC5-73D8-469E-BA6F-33285C4E4FFF}.Release|Any CPU.Build.0 = Release|Any CPU
		{743575F6-04AA-4804-8423-616DE30D047A}.Debug|Any CPU.ActiveCfg = Debug|Any CPU
		{743575F6-04AA-4804-8423-616DE30D047A}.Debug|Any CPU.Build.0 = Debug|Any CPU
		{743575F6-04AA-4804-8423-616DE30D047A}.Release|Any CPU.ActiveCfg = Release|Any CPU
		{743575F6-04AA-4804-8423-616DE30D047A}.Release|Any CPU.Build.0 = Release|Any CPU
		{B5525B5A-A15C-46B9-8525-BF46EB3BE9CE}.Debug|Any CPU.ActiveCfg = Debug|Any CPU
		{B5525B5A-A15C-46B9-8525-BF46EB3BE9CE}.Debug|Any CPU.Build.0 = Debug|Any CPU
		{B5525B5A-A15C-46B9-8525-BF46EB3BE9CE}.Release|Any CPU.ActiveCfg = Release|Any CPU
		{B5525B5A-A15C-46B9-8525-BF46EB3BE9CE}.Release|Any CPU.Build.0 = Release|Any CPU
		{9AAFE4E9-60B6-4201-9379-87009580198E}.Debug|Any CPU.ActiveCfg = Debug|Any CPU
		{9AAFE4E9-60B6-4201-9379-87009580198E}.Debug|Any CPU.Build.0 = Debug|Any CPU
		{9AAFE4E9-60B6-4201-9379-87009580198E}.Release|Any CPU.ActiveCfg = Release|Any CPU
		{9AAFE4E9-60B6-4201-9379-87009580198E}.Release|Any CPU.Build.0 = Release|Any CPU
		{C8E0C856-B190-4D5A-A3A3-6DDB6CF86BEB}.Debug|Any CPU.ActiveCfg = Debug|Any CPU
		{C8E0C856-B190-4D5A-A3A3-6DDB6CF86BEB}.Debug|Any CPU.Build.0 = Debug|Any CPU
		{C8E0C856-B190-4D5A-A3A3-6DDB6CF86BEB}.Release|Any CPU.ActiveCfg = Release|Any CPU
		{C8E0C856-B190-4D5A-A3A3-6DDB6CF86BEB}.Release|Any CPU.Build.0 = Release|Any CPU
	EndGlobalSection
	GlobalSection(SolutionProperties) = preSolution
		HideSolutionNode = FALSE
	EndGlobalSection
	GlobalSection(ExtensibilityGlobals) = postSolution
		SolutionGuid = {F378C26D-83C7-466C-9146-1153085B534C}
	EndGlobalSection
EndGlobal
