
Microsoft Visual Studio Solution File, Format Version 12.00
# Visual Studio Version 17
VisualStudioVersion = 17.0.31612.314
MinimumVisualStudioVersion = 10.0.40219.1
Project("{9A19103F-16F7-4668-BE54-9A1E7A4F7556}") = "Domain", "src\Domain\Domain.csproj", "{5C80AC2D-0F58-4C13-9DA8-2C4EA529584F}"
EndProject
Project("{9A19103F-16F7-4668-BE54-9A1E7A4F7556}") = "Application", "src\Application\Application.csproj", "{A19712CE-29BB-4803-9090-AB1F511507B5}"
EndProject
Project("{9A19103F-16F7-4668-BE54-9A1E7A4F7556}") = "Infrastructure", "src\Infrastructure\Infrastructure.csproj", "{5B9FEB49-427B-4FD6-942E-9E008EDD9760}"
EndProject
Project("{9A19103F-16F7-4668-BE54-9A1E7A4F7556}") = "Api", "src\Api\Api.csproj", "{9ECC0459-C796-4C4C-99E8-820D21416757}"
EndProject
Project("{2150E333-8FDC-42A3-9474-1A3956D46DE8}") = "src", "src", "{AA669B93-C95E-462A-951D-4F4FBB25A62F}"
EndProject
Project("{2150E333-8FDC-42A3-9474-1A3956D46DE8}") = "Solution Items", "Solution Items", "{30279B86-5BDB-4688-A726-7367E67E1314}"
	ProjectSection(SolutionItems) = preProject
		azure-pipelines.yml = azure-pipelines.yml
	EndProjectSection
EndProject
Project("{2150E333-8FDC-42A3-9474-1A3956D46DE8}") = "tests", "tests", "{FA3A737B-BBDB-487D-937A-8D57AC74D5D4}"
EndProject
Project("{FAE04EC0-301F-11D3-BF4B-00C04F79EFBC}") = "Application.UnitTests", "tests\Application.UnitTests\Application.UnitTests.csproj", "{0ADBF8C0-507D-4DB3-B618-A0CC51FA852B}"
EndProject
Global
	GlobalSection(SolutionConfigurationPlatforms) = preSolution
		Debug|Any CPU = Debug|Any CPU
		Release|Any CPU = Release|Any CPU
	EndGlobalSection
	GlobalSection(ProjectConfigurationPlatforms) = postSolution
		{5C80AC2D-0F58-4C13-9DA8-2C4EA529584F}.Debug|Any CPU.ActiveCfg = Debug|Any CPU
		{5C80AC2D-0F58-4C13-9DA8-2C4EA529584F}.Debug|Any CPU.Build.0 = Debug|Any CPU
		{5C80AC2D-0F58-4C13-9DA8-2C4EA529584F}.Release|Any CPU.ActiveCfg = Release|Any CPU
		{5C80AC2D-0F58-4C13-9DA8-2C4EA529584F}.Release|Any CPU.Build.0 = Release|Any CPU
		{A19712CE-29BB-4803-9090-AB1F511507B5}.Debug|Any CPU.ActiveCfg = Debug|Any CPU
		{A19712CE-29BB-4803-9090-AB1F511507B5}.Debug|Any CPU.Build.0 = Debug|Any CPU
		{A19712CE-29BB-4803-9090-AB1F511507B5}.Release|Any CPU.ActiveCfg = Release|Any CPU
		{A19712CE-29BB-4803-9090-AB1F511507B5}.Release|Any CPU.Build.0 = Release|Any CPU
		{5B9FEB49-427B-4FD6-942E-9E008EDD9760}.Debug|Any CPU.ActiveCfg = Debug|Any CPU
		{5B9FEB49-427B-4FD6-942E-9E008EDD9760}.Debug|Any CPU.Build.0 = Debug|Any CPU
		{5B9FEB49-427B-4FD6-942E-9E008EDD9760}.Release|Any CPU.ActiveCfg = Release|Any CPU
		{5B9FEB49-427B-4FD6-942E-9E008EDD9760}.Release|Any CPU.Build.0 = Release|Any CPU
		{9ECC0459-C796-4C4C-99E8-820D21416757}.Debug|Any CPU.ActiveCfg = Debug|Any CPU
		{9ECC0459-C796-4C4C-99E8-820D21416757}.Debug|Any CPU.Build.0 = Debug|Any CPU
		{9ECC0459-C796-4C4C-99E8-820D21416757}.Release|Any CPU.ActiveCfg = Release|Any CPU
		{9ECC0459-C796-4C4C-99E8-820D21416757}.Release|Any CPU.Build.0 = Release|Any CPU
		{0ADBF8C0-507D-4DB3-B618-A0CC51FA852B}.Debug|Any CPU.ActiveCfg = Debug|Any CPU
		{0ADBF8C0-507D-4DB3-B618-A0CC51FA852B}.Debug|Any CPU.Build.0 = Debug|Any CPU
		{0ADBF8C0-507D-4DB3-B618-A0CC51FA852B}.Release|Any CPU.ActiveCfg = Release|Any CPU
		{0ADBF8C0-507D-4DB3-B618-A0CC51FA852B}.Release|Any CPU.Build.0 = Release|Any CPU
	EndGlobalSection
	GlobalSection(SolutionProperties) = preSolution
		HideSolutionNode = FALSE
	EndGlobalSection
	GlobalSection(NestedProjects) = preSolution
		{5C80AC2D-0F58-4C13-9DA8-2C4EA529584F} = {AA669B93-C95E-462A-951D-4F4FBB25A62F}
		{A19712CE-29BB-4803-9090-AB1F511507B5} = {AA669B93-C95E-462A-951D-4F4FBB25A62F}
		{5B9FEB49-427B-4FD6-942E-9E008EDD9760} = {AA669B93-C95E-462A-951D-4F4FBB25A62F}
		{9ECC0459-C796-4C4C-99E8-820D21416757} = {AA669B93-C95E-462A-951D-4F4FBB25A62F}
		{0ADBF8C0-507D-4DB3-B618-A0CC51FA852B} = {FA3A737B-BBDB-487D-937A-8D57AC74D5D4}
	EndGlobalSection
	GlobalSection(ExtensibilityGlobals) = postSolution
		SolutionGuid = {F378C26D-83C7-466C-9146-1153085B534C}
	EndGlobalSection
EndGlobal
